
Microsoft Visual Studio Solution File, Format Version 12.00
# Visual Studio Version 17
VisualStudioVersion = 17.1.32210.238
MinimumVisualStudioVersion = 10.0.40219.1
Project("{888888A0-9F3D-457C-B088-3A5042F75D52}") = "photoric", "photoric.pyproj", "{72FAF7E4-34C3-4BB7-BC3D-906B82286557}"
EndProject
Global
	GlobalSection(SolutionConfigurationPlatforms) = preSolution
		Debug|Any CPU = Debug|Any CPU
		Release|Any CPU = Release|Any CPU
	EndGlobalSection
	GlobalSection(ProjectConfigurationPlatforms) = postSolution
		{72FAF7E4-34C3-4BB7-BC3D-906B82286557}.Debug|Any CPU.ActiveCfg = Debug|Any CPU
		{72FAF7E4-34C3-4BB7-BC3D-906B82286557}.Release|Any CPU.ActiveCfg = Release|Any CPU
	EndGlobalSection
	GlobalSection(SolutionProperties) = preSolution
		HideSolutionNode = FALSE
	EndGlobalSection
	GlobalSection(ExtensibilityGlobals) = postSolution
		SolutionGuid = {A453415E-AFDE-4D74-9BB5-64E9E8F03917}
	EndGlobalSection
EndGlobal
